
Microsoft Visual Studio Solution File, Format Version 12.00
# Visual Studio Version 17
VisualStudioVersion = 17.5.002.0
MinimumVisualStudioVersion = 10.0.40219.1
Project("{9A19103F-16F7-4668-BE54-9A1E7A4F7556}") = "DockerCalculator", "DockerCalculator.csproj", "{21D7292A-C5F6-4554-B07D-BF3C0C60004A}"
EndProject
Global
	GlobalSection(SolutionConfigurationPlatforms) = preSolution
		Debug|Any CPU = Debug|Any CPU
		Release|Any CPU = Release|Any CPU
	EndGlobalSection
	GlobalSection(ProjectConfigurationPlatforms) = postSolution
		{21D7292A-C5F6-4554-B07D-BF3C0C60004A}.Debug|Any CPU.ActiveCfg = Debug|Any CPU
		{21D7292A-C5F6-4554-B07D-BF3C0C60004A}.Debug|Any CPU.Build.0 = Debug|Any CPU
		{21D7292A-C5F6-4554-B07D-BF3C0C60004A}.Release|Any CPU.ActiveCfg = Release|Any CPU
		{21D7292A-C5F6-4554-B07D-BF3C0C60004A}.Release|Any CPU.Build.0 = Release|Any CPU
	EndGlobalSection
	GlobalSection(SolutionProperties) = preSolution
		HideSolutionNode = FALSE
	EndGlobalSection
	GlobalSection(ExtensibilityGlobals) = postSolution
		SolutionGuid = {61E0DAA5-5030-4FEB-9F0C-6C2F4E8BA8BB}
	EndGlobalSection
EndGlobal
